
Microsoft Visual Studio Solution File, Format Version 12.00
# Visual Studio 2012
Project("{FAE04EC0-301F-11D3-BF4B-00C04F79EFBC}") = "Mixpanel", "Mixpanel.csproj", "{5E6FA2B8-D94C-4318-8A37-1E9D765CF71E}"
EndProject
Global
	GlobalSection(SolutionConfigurationPlatforms) = preSolution
		Debug|Any CPU = Debug|Any CPU
		Release|Any CPU = Release|Any CPU
	EndGlobalSection
	GlobalSection(ProjectConfigurationPlatforms) = postSolution
		{5E6FA2B8-D94C-4318-8A37-1E9D765CF71E}.Debug|Any CPU.ActiveCfg = Debug|Any CPU
		{5E6FA2B8-D94C-4318-8A37-1E9D765CF71E}.Debug|Any CPU.Build.0 = Debug|Any CPU
		{5E6FA2B8-D94C-4318-8A37-1E9D765CF71E}.Release|Any CPU.ActiveCfg = Release|Any CPU
		{5E6FA2B8-D94C-4318-8A37-1E9D765CF71E}.Release|Any CPU.Build.0 = Release|Any CPU
	EndGlobalSection
EndGlobal
