// !$*UTF8*$!
{
	archiveVersion = 1;
	classes = {
	};
	objectVersion = 46;
	objects = {

/* Begin PBXBuildFile section */
		8A6F37081AE260EC00FD3343 /* libMixpanel.a in Frameworks */ = {isa = PBXBuildFile; fileRef = 8A6F36FC1AE260EB00FD3343 /* libMixpanel.a */; };
/* End PBXBuildFile section */

/* Begin PBXContainerItemProxy section */
		8A6F37091AE260EC00FD3343 /* PBXContainerItemProxy */ = {
			isa = PBXContainerItemProxy;
			containerPortal = 8A6F36F41AE260EB00FD3343 /* Project object */;
			proxyType = 1;
			remoteGlobalIDString = 8A6F36FB1AE260EB00FD3343;
			remoteInfo = Mixpanel;
		};
/* End PBXContainerItemProxy section */

/* Begin PBXCopyFilesBuildPhase section */
		8A6F36FA1AE260EB00FD3343 /* CopyFiles */ = {
			isa = PBXCopyFilesBuildPhase;
			buildActionMask = 2147483647;
			dstPath = "include/$(PRODUCT_NAME)";
			dstSubfolderSpec = 16;
			files = (
			);
			runOnlyForDeploymentPostprocessing = 0;
		};
/* End PBXCopyFilesBuildPhase section */

/* Begin PBXFileReference section */
		8A6F36FC1AE260EB00FD3343 /* libMixpanel.a */ = {isa = PBXFileReference; explicitFileType = archive.ar; includeInIndex = 0; path = libMixpanel.a; sourceTree = BUILT_PRODUCTS_DIR; };
		8A6F37071AE260EC00FD3343 /* MixpanelTests.xctest */ = {isa = PBXFileReference; explicitFileType = wrapper.cfbundle; includeInIndex = 0; path = MixpanelTests.xctest; sourceTree = BUILT_PRODUCTS_DIR; };
		8A6F370D1AE260EC00FD3343 /* Info.plist */ = {isa = PBXFileReference; lastKnownFileType = text.plist.xml; path = Info.plist; sourceTree = "<group>"; };
		DC0744C61DC938C900144B26 /* Mixpanel */ = {isa = PBXFileReference; lastKnownFileType = folder; name = Mixpanel; path = "../mixpanel-iphone/Mixpanel"; sourceTree = "<group>"; };
/* End PBXFileReference section */

/* Begin PBXFrameworksBuildPhase section */
		8A6F36F91AE260EB00FD3343 /* Frameworks */ = {
			isa = PBXFrameworksBuildPhase;
			buildActionMask = 2147483647;
			files = (
			);
			runOnlyForDeploymentPostprocessing = 0;
		};
		8A6F37041AE260EC00FD3343 /* Frameworks */ = {
			isa = PBXFrameworksBuildPhase;
			buildActionMask = 2147483647;
			files = (
				8A6F37081AE260EC00FD3343 /* libMixpanel.a in Frameworks */,
			);
			runOnlyForDeploymentPostprocessing = 0;
		};
/* End PBXFrameworksBuildPhase section */

/* Begin PBXGroup section */
		8A6F36F31AE260EB00FD3343 = {
			isa = PBXGroup;
			children = (
				DC0744C61DC938C900144B26 /* Mixpanel */,
				8A6F370B1AE260EC00FD3343 /* MixpanelTests */,
				8A6F36FD1AE260EB00FD3343 /* Products */,
			);
			sourceTree = "<group>";
		};
		8A6F36FD1AE260EB00FD3343 /* Products */ = {
			isa = PBXGroup;
			children = (
				8A6F36FC1AE260EB00FD3343 /* libMixpanel.a */,
				8A6F37071AE260EC00FD3343 /* MixpanelTests.xctest */,
			);
			name = Products;
			sourceTree = "<group>";
		};
		8A6F370B1AE260EC00FD3343 /* MixpanelTests */ = {
			isa = PBXGroup;
			children = (
				8A6F370C1AE260EC00FD3343 /* Supporting Files */,
			);
			path = MixpanelTests;
			sourceTree = "<group>";
		};
		8A6F370C1AE260EC00FD3343 /* Supporting Files */ = {
			isa = PBXGroup;
			children = (
				8A6F370D1AE260EC00FD3343 /* Info.plist */,
			);
			name = "Supporting Files";
			sourceTree = "<group>";
		};
/* End PBXGroup section */

/* Begin PBXNativeTarget section */
		8A6F36FB1AE260EB00FD3343 /* Mixpanel */ = {
			isa = PBXNativeTarget;
			buildConfigurationList = 8A6F37101AE260EC00FD3343 /* Build configuration list for PBXNativeTarget "Mixpanel" */;
			buildPhases = (
				8A6F36F81AE260EB00FD3343 /* Sources */,
				8A6F36F91AE260EB00FD3343 /* Frameworks */,
				8A6F36FA1AE260EB00FD3343 /* CopyFiles */,
			);
			buildRules = (
			);
			dependencies = (
			);
			name = Mixpanel;
			productName = Mixpanel;
			productReference = 8A6F36FC1AE260EB00FD3343 /* libMixpanel.a */;
			productType = "com.apple.product-type.library.static";
		};
		8A6F37061AE260EC00FD3343 /* MixpanelTests */ = {
			isa = PBXNativeTarget;
			buildConfigurationList = 8A6F37131AE260EC00FD3343 /* Build configuration list for PBXNativeTarget "MixpanelTests" */;
			buildPhases = (
				8A6F37031AE260EC00FD3343 /* Sources */,
				8A6F37041AE260EC00FD3343 /* Frameworks */,
				8A6F37051AE260EC00FD3343 /* Resources */,
			);
			buildRules = (
			);
			dependencies = (
				8A6F370A1AE260EC00FD3343 /* PBXTargetDependency */,
			);
			name = MixpanelTests;
			productName = MixpanelTests;
			productReference = 8A6F37071AE260EC00FD3343 /* MixpanelTests.xctest */;
			productType = "com.apple.product-type.bundle.unit-test";
		};
/* End PBXNativeTarget section */

/* Begin PBXProject section */
		8A6F36F41AE260EB00FD3343 /* Project object */ = {
			isa = PBXProject;
			attributes = {
				LastUpgradeCheck = 0630;
				ORGANIZATIONNAME = "Xamarin, Inc.";
				TargetAttributes = {
					8A6F36FB1AE260EB00FD3343 = {
						CreatedOnToolsVersion = 6.3;
					};
					8A6F37061AE260EC00FD3343 = {
						CreatedOnToolsVersion = 6.3;
					};
				};
			};
			buildConfigurationList = 8A6F36F71AE260EB00FD3343 /* Build configuration list for PBXProject "Mixpanel" */;
			compatibilityVersion = "Xcode 3.2";
			developmentRegion = English;
			hasScannedForEncodings = 0;
			knownRegions = (
				en,
			);
			mainGroup = 8A6F36F31AE260EB00FD3343;
			productRefGroup = 8A6F36FD1AE260EB00FD3343 /* Products */;
			projectDirPath = "";
			projectRoot = "";
			targets = (
				8A6F36FB1AE260EB00FD3343 /* Mixpanel */,
				8A6F37061AE260EC00FD3343 /* MixpanelTests */,
			);
		};
/* End PBXProject section */

/* Begin PBXResourcesBuildPhase section */
		8A6F37051AE260EC00FD3343 /* Resources */ = {
			isa = PBXResourcesBuildPhase;
			buildActionMask = 2147483647;
			files = (
			);
			runOnlyForDeploymentPostprocessing = 0;
		};
/* End PBXResourcesBuildPhase section */

/* Begin PBXSourcesBuildPhase section */
		8A6F36F81AE260EB00FD3343 /* Sources */ = {
			isa = PBXSourcesBuildPhase;
			buildActionMask = 2147483647;
			files = (
			);
			runOnlyForDeploymentPostprocessing = 0;
		};
		8A6F37031AE260EC00FD3343 /* Sources */ = {
			isa = PBXSourcesBuildPhase;
			buildActionMask = 2147483647;
			files = (
			);
			runOnlyForDeploymentPostprocessing = 0;
		};
/* End PBXSourcesBuildPhase section */

/* Begin PBXTargetDependency section */
		8A6F370A1AE260EC00FD3343 /* PBXTargetDependency */ = {
			isa = PBXTargetDependency;
			target = 8A6F36FB1AE260EB00FD3343 /* Mixpanel */;
			targetProxy = 8A6F37091AE260EC00FD3343 /* PBXContainerItemProxy */;
		};
/* End PBXTargetDependency section */

/* Begin XCBuildConfiguration section */
		8A6F370E1AE260EC00FD3343 /* Debug */ = {
			isa = XCBuildConfiguration;
			buildSettings = {
				ALWAYS_SEARCH_USER_PATHS = NO;
				CLANG_CXX_LANGUAGE_STANDARD = "gnu++0x";
				CLANG_CXX_LIBRARY = "libc++";
				CLANG_ENABLE_MODULES = YES;
				CLANG_ENABLE_OBJC_ARC = YES;
				CLANG_WARN_BOOL_CONVERSION = YES;
				CLANG_WARN_CONSTANT_CONVERSION = YES;
				CLANG_WARN_DIRECT_OBJC_ISA_USAGE = YES_ERROR;
				CLANG_WARN_EMPTY_BODY = YES;
				CLANG_WARN_ENUM_CONVERSION = YES;
				CLANG_WARN_INT_CONVERSION = YES;
				CLANG_WARN_OBJC_ROOT_CLASS = YES_ERROR;
				CLANG_WARN_UNREACHABLE_CODE = YES;
				CLANG_WARN__DUPLICATE_METHOD_MATCH = YES;
				COPY_PHASE_STRIP = NO;
				DEBUG_INFORMATION_FORMAT = "dwarf-with-dsym";
				ENABLE_STRICT_OBJC_MSGSEND = YES;
				GCC_C_LANGUAGE_STANDARD = gnu99;
				GCC_DYNAMIC_NO_PIC = NO;
				GCC_NO_COMMON_BLOCKS = YES;
				GCC_OPTIMIZATION_LEVEL = 0;
				GCC_PREPROCESSOR_DEFINITIONS = (
					"DEBUG=1",
					"$(inherited)",
				);
				GCC_SYMBOLS_PRIVATE_EXTERN = NO;
				GCC_WARN_64_TO_32_BIT_CONVERSION = YES;
				GCC_WARN_ABOUT_RETURN_TYPE = YES_ERROR;
				GCC_WARN_UNDECLARED_SELECTOR = YES;
				GCC_WARN_UNINITIALIZED_AUTOS = YES_AGGRESSIVE;
				GCC_WARN_UNUSED_FUNCTION = YES;
				GCC_WARN_UNUSED_VARIABLE = YES;
				IPHONEOS_DEPLOYMENT_TARGET = 8.3;
				MTL_ENABLE_DEBUG_INFO = YES;
				ONLY_ACTIVE_ARCH = YES;
				SDKROOT = iphoneos;
			};
			name = Debug;
		};
		8A6F370F1AE260EC00FD3343 /* Release */ = {
			isa = XCBuildConfiguration;
			buildSettings = {
				ALWAYS_SEARCH_USER_PATHS = NO;
				CLANG_CXX_LANGUAGE_STANDARD = "gnu++0x";
				CLANG_CXX_LIBRARY = "libc++";
				CLANG_ENABLE_MODULES = YES;
				CLANG_ENABLE_OBJC_ARC = YES;
				CLANG_WARN_BOOL_CONVERSION = YES;
				CLANG_WARN_CONSTANT_CONVERSION = YES;
				CLANG_WARN_DIRECT_OBJC_ISA_USAGE = YES_ERROR;
				CLANG_WARN_EMPTY_BODY = YES;
				CLANG_WARN_ENUM_CONVERSION = YES;
				CLANG_WARN_INT_CONVERSION = YES;
				CLANG_WARN_OBJC_ROOT_CLASS = YES_ERROR;
				CLANG_WARN_UNREACHABLE_CODE = YES;
				CLANG_WARN__DUPLICATE_METHOD_MATCH = YES;
				COPY_PHASE_STRIP = NO;
				DEBUG_INFORMATION_FORMAT = "dwarf-with-dsym";
				ENABLE_NS_ASSERTIONS = NO;
				ENABLE_STRICT_OBJC_MSGSEND = YES;
				GCC_C_LANGUAGE_STANDARD = gnu99;
				GCC_NO_COMMON_BLOCKS = YES;
				GCC_WARN_64_TO_32_BIT_CONVERSION = YES;
				GCC_WARN_ABOUT_RETURN_TYPE = YES_ERROR;
				GCC_WARN_UNDECLARED_SELECTOR = YES;
				GCC_WARN_UNINITIALIZED_AUTOS = YES_AGGRESSIVE;
				GCC_WARN_UNUSED_FUNCTION = YES;
				GCC_WARN_UNUSED_VARIABLE = YES;
				IPHONEOS_DEPLOYMENT_TARGET = 8.3;
				MTL_ENABLE_DEBUG_INFO = NO;
				SDKROOT = iphoneos;
				VALIDATE_PRODUCT = YES;
			};
			name = Release;
		};
		8A6F37111AE260EC00FD3343 /* Debug */ = {
			isa = XCBuildConfiguration;
			buildSettings = {
				IPHONEOS_DEPLOYMENT_TARGET = 7.0;
				LIBRARY_SEARCH_PATHS = (
					"$(inherited)",
					"$(SRCROOT)/../mixpanel-iphone/Mixpanel",
				);
				OTHER_LDFLAGS = "-ObjC";
				PRODUCT_NAME = "$(TARGET_NAME)";
				SKIP_INSTALL = YES;
			};
			name = Debug;
		};
		8A6F37121AE260EC00FD3343 /* Release */ = {
			isa = XCBuildConfiguration;
			buildSettings = {
				IPHONEOS_DEPLOYMENT_TARGET = 7.0;
				LIBRARY_SEARCH_PATHS = (
					"$(inherited)",
					"$(SRCROOT)/../mixpanel-iphone/Mixpanel",
				);
				OTHER_LDFLAGS = "-ObjC";
				PRODUCT_NAME = "$(TARGET_NAME)";
				SKIP_INSTALL = YES;
			};
			name = Release;
		};
		8A6F37141AE260EC00FD3343 /* Debug */ = {
			isa = XCBuildConfiguration;
			buildSettings = {
				"CODE_SIGN_IDENTITY[sdk=iphoneos*]" = "iPhone Developer";
				FRAMEWORK_SEARCH_PATHS = (
					"$(SDKROOT)/Developer/Library/Frameworks",
					"$(inherited)",
				);
				GCC_PREPROCESSOR_DEFINITIONS = (
					"DEBUG=1",
					"$(inherited)",
				);
				INFOPLIST_FILE = MixpanelTests/Info.plist;
				LD_RUNPATH_SEARCH_PATHS = "$(inherited) @executable_path/Frameworks @loader_path/Frameworks";
				PRODUCT_NAME = "$(TARGET_NAME)";
			};
			name = Debug;
		};
		8A6F37151AE260EC00FD3343 /* Release */ = {
			isa = XCBuildConfiguration;
			buildSettings = {
				"CODE_SIGN_IDENTITY[sdk=iphoneos*]" = "iPhone Developer";
				FRAMEWORK_SEARCH_PATHS = (
					"$(SDKROOT)/Developer/Library/Frameworks",
					"$(inherited)",
				);
				INFOPLIST_FILE = MixpanelTests/Info.plist;
				LD_RUNPATH_SEARCH_PATHS = "$(inherited) @executable_path/Frameworks @loader_path/Frameworks";
				PRODUCT_NAME = "$(TARGET_NAME)";
			};
			name = Release;
		};
/* End XCBuildConfiguration section */

/* Begin XCConfigurationList section */
		8A6F36F71AE260EB00FD3343 /* Build configuration list for PBXProject "Mixpanel" */ = {
			isa = XCConfigurationList;
			buildConfigurations = (
				8A6F370E1AE260EC00FD3343 /* Debug */,
				8A6F370F1AE260EC00FD3343 /* Release */,
			);
			defaultConfigurationIsVisible = 0;
			defaultConfigurationName = Release;
		};
		8A6F37101AE260EC00FD3343 /* Build configuration list for PBXNativeTarget "Mixpanel" */ = {
			isa = XCConfigurationList;
			buildConfigurations = (
				8A6F37111AE260EC00FD3343 /* Debug */,
				8A6F37121AE260EC00FD3343 /* Release */,
			);
			defaultConfigurationIsVisible = 0;
			defaultConfigurationName = Release;
		};
		8A6F37131AE260EC00FD3343 /* Build configuration list for PBXNativeTarget "MixpanelTests" */ = {
			isa = XCConfigurationList;
			buildConfigurations = (
				8A6F37141AE260EC00FD3343 /* Debug */,
				8A6F37151AE260EC00FD3343 /* Release */,
			);
			defaultConfigurationIsVisible = 0;
			defaultConfigurationName = Release;
		};
/* End XCConfigurationList section */
	};
	rootObject = 8A6F36F41AE260EB00FD3343 /* Project object */;
}
